
Microsoft Visual Studio Solution File, Format Version 12.00
Project("{FAE04EC0-301F-11D3-BF4B-00C04F79EFBC}") = "BlazorServerSide", "BlazorServerSide\BlazorServerSide.csproj", "{2A17FF8A-8DD8-4626-B22B-F98B690CBD06}"
EndProject
Global
	GlobalSection(SolutionConfigurationPlatforms) = preSolution
		Debug|Any CPU = Debug|Any CPU
		Release|Any CPU = Release|Any CPU
	EndGlobalSection
	GlobalSection(ProjectConfigurationPlatforms) = postSolution
		{2A17FF8A-8DD8-4626-B22B-F98B690CBD06}.Debug|Any CPU.ActiveCfg = Debug|Any CPU
		{2A17FF8A-8DD8-4626-B22B-F98B690CBD06}.Debug|Any CPU.Build.0 = Debug|Any CPU
		{2A17FF8A-8DD8-4626-B22B-F98B690CBD06}.Release|Any CPU.ActiveCfg = Release|Any CPU
		{2A17FF8A-8DD8-4626-B22B-F98B690CBD06}.Release|Any CPU.Build.0 = Release|Any CPU
	EndGlobalSection
EndGlobal
